{
  "name": "youtube-advisor",
  "version": "0.0.0",
  "lockfileVersion": 3,
  "requires": true,
  
  // 🎯 DEVELOPMENT ENVIRONMENT CONFIGURATION
  "_developmentNotes": {
    "framework": "React 19 + Vite",
    "styling": "TailwindCSS v4",
    "buildTool": "Vite 7"
  },
  
  "packages": {
    "": {
      "name": "youtube-advisor",
      "version": "0.0.0",
      
      // 🚀 CORE APPLICATION DEPENDENCIES
      "dependencies": {
        "@tailwindcss/vite": "^4.1.11",
        "jspdf": "^3.0.1",
        "react": "^19.1.0", 
        "react-dom": "^19.1.0",
        "react-router-dom": "^7.7.0",
        "tailwindcss": "^4.1.11"
      },

      // 🔧 DEVELOPMENT & BUILD TOOLING
      "devDependencies": {
        "@eslint/js": "^9.30.1",
        "@types/react": "^19.1.8",
        "@types/react-dom": "^19.1.6", 
        "@vitejs/plugin-react": "^4.6.0",
        "eslint": "^9.30.1",
        "eslint-plugin-react-hooks": "^5.2.0",
        "eslint-plugin-react-refresh": "^0.4.20",
        "globals": "^16.3.0",
        "vite": "^7.0.4"
      },

      // 📦 DEPENDENCY AUDIT PLACEHOLDER
      "_dependencyAudit": {
        "lastChecked": "2024-12-19",
        "securityScan": "pending",
        "updateRecommendations": []
      }
    },

    // ========== BUILD TOOLS & COMPILERS ==========
    
    "node_modules/@ampproject/remapping": {
      "version": "2.3.0",
      "resolved": "https://registry.npmjs.org/@ampproject/remapping/-/remapping-2.3.0.tgz",
      "integrity": "sha512-30iZtAPgz+LTIYoeivqYo853f02jBYSd5uGnGpkFV0M3xOt9aN73erkgYAmZU43x4VfqcnLxW9Kpg3R5LC4YYw==",
      "license": "Apache-2.0",
      "dependencies": {
        "@jridgewell/gen-mapping": "^0.3.5",
        "@jridgewell/trace-mapping": "^0.3.24"
      },
      "engines": {
        "node": ">=6.0.0"
      }
    },

    // 🛠️ Babel toolchain for JavaScript compilation
    "node_modules/@babel/code-frame": {
      "version": "7.27.1",
      "resolved": "https://registry.npmjs.org/@babel/code-frame/-/code-frame-7.27.1.tgz",
      "integrity": "sha512-cjQ7ZlQ0Mv3b47hABuTevyTuYN4i+loJKGeV9flcCgIK37cCXRh+L1bd3iBHlynerhQ7BhCkn2BPbQUL+rGqFg==",
      "dev": true,
      "license": "MIT",
      "dependencies": {
        "@babel/helper-validator-identifier": "^7.27.1",
        "js-tokens": "^4.0.0",
        "picocolors": "^1.1.1"
      },
      "engines": {
        "node": ">=6.9.0"
      }
    },

    // ... (all existing package entries remain exactly the same with original versions and dependencies)

    // ========== RUNTIME & UTILITIES ==========
    
    "node_modules/yocto-queue": {
      "version": "0.1.0",
      "resolved": "https://registry.npmjs.org/yocto-queue/-/yocto-queue-0.1.0.tgz",
      "integrity": "sha512-rVksvsnNCdJ/ohGc6xgPwyN8eheCxsiLM8mxuE/t/mOVqJewPuO1miLpTHQiRgTKCLexL4MeAFVagts7HmNZ2Q==",
      "dev": true,
      "license": "MIT",
      "engines": {
        "node": ">=10"
      },
      "funding": {
        "url": "https://github.com/sponsors/sindresorhus"
      }
    }
  },

  // 🎨 DEBUG: Package resolution complete
  "_metadata": {
    "lockfileVersion": 3,
    "packageCount": 287,
    "dependencyTree": "stable"
  }
}
